
Microsoft Visual Studio Solution File, Format Version 12.00
# Visual Studio Version 17
VisualStudioVersion = 17.8.34330.188
MinimumVisualStudioVersion = 10.0.40219.1
Project("{2150E333-8FDC-42A3-9474-1A3956D46DE8}") = "Services", "Services", "{143F432F-4921-4D81-84CC-AB6B4D0DA073}"
EndProject
Project("{FAE04EC0-301F-11D3-BF4B-00C04F79EFBC}") = "youtube.Services.AuthAPI", "youtube.Services.AuthAPI\youtube.Services.AuthAPI.csproj", "{76C6FE3B-6E81-41B5-8313-755F51989900}"
EndProject
Global
	GlobalSection(SolutionConfigurationPlatforms) = preSolution
		Debug|Any CPU = Debug|Any CPU
		Release|Any CPU = Release|Any CPU
	EndGlobalSection
	GlobalSection(ProjectConfigurationPlatforms) = postSolution
		{76C6FE3B-6E81-41B5-8313-755F51989900}.Debug|Any CPU.ActiveCfg = Debug|Any CPU
		{76C6FE3B-6E81-41B5-8313-755F51989900}.Debug|Any CPU.Build.0 = Debug|Any CPU
		{76C6FE3B-6E81-41B5-8313-755F51989900}.Release|Any CPU.ActiveCfg = Release|Any CPU
		{76C6FE3B-6E81-41B5-8313-755F51989900}.Release|Any CPU.Build.0 = Release|Any CPU
	EndGlobalSection
	GlobalSection(SolutionProperties) = preSolution
		HideSolutionNode = FALSE
	EndGlobalSection
	GlobalSection(NestedProjects) = preSolution
		{76C6FE3B-6E81-41B5-8313-755F51989900} = {143F432F-4921-4D81-84CC-AB6B4D0DA073}
	EndGlobalSection
	GlobalSection(ExtensibilityGlobals) = postSolution
		SolutionGuid = {749DBB2E-372F-4234-A424-7663CF9DC57F}
	EndGlobalSection
EndGlobal
